
Microsoft Visual Studio Solution File, Format Version 12.00
# Visual Studio 15
Project("{FAE04EC0-301F-11D3-BF4B-00C04F79EFBC}") = "MixedRealityIntro", "Assembly-CSharp.csproj", "{7CFEACC9-9A45-9502-7AB5-81BC6EE98DA0}"
EndProject
Project("{FAE04EC0-301F-11D3-BF4B-00C04F79EFBC}") = "MixedRealityIntro", "Assembly-CSharp-Editor.csproj", "{A5EE4ED9-7673-B993-EDBD-D728FBB84C32}"
EndProject
Global
	GlobalSection(SolutionConfigurationPlatforms) = preSolution
		Debug|Any CPU = Debug|Any CPU
		Release|Any CPU = Release|Any CPU
	EndGlobalSection
	GlobalSection(ProjectConfigurationPlatforms) = postSolution
		{7CFEACC9-9A45-9502-7AB5-81BC6EE98DA0}.Debug|Any CPU.ActiveCfg = Debug|Any CPU
		{7CFEACC9-9A45-9502-7AB5-81BC6EE98DA0}.Debug|Any CPU.Build.0 = Debug|Any CPU
		{7CFEACC9-9A45-9502-7AB5-81BC6EE98DA0}.Release|Any CPU.ActiveCfg = Release|Any CPU
		{7CFEACC9-9A45-9502-7AB5-81BC6EE98DA0}.Release|Any CPU.Build.0 = Release|Any CPU
		{A5EE4ED9-7673-B993-EDBD-D728FBB84C32}.Debug|Any CPU.ActiveCfg = Debug|Any CPU
		{A5EE4ED9-7673-B993-EDBD-D728FBB84C32}.Debug|Any CPU.Build.0 = Debug|Any CPU
		{A5EE4ED9-7673-B993-EDBD-D728FBB84C32}.Release|Any CPU.ActiveCfg = Release|Any CPU
		{A5EE4ED9-7673-B993-EDBD-D728FBB84C32}.Release|Any CPU.Build.0 = Release|Any CPU
	EndGlobalSection
	GlobalSection(SolutionProperties) = preSolution
		HideSolutionNode = FALSE
	EndGlobalSection
EndGlobal
