
Microsoft Visual Studio Solution File, Format Version 11.00
# Visual Studio 2010
Project("{FAE04EC0-301F-11D3-BF4B-00C04F79EFBC}") = "HoloLens Dev 101", "Assembly-CSharp.csproj", "{EE3C457C-70AC-FED7-165C-5333FB6580C9}"
EndProject
Project("{FAE04EC0-301F-11D3-BF4B-00C04F79EFBC}") = "HoloLens Dev 101", "Assembly-CSharp-Editor.csproj", "{270FF64F-1EE4-02F9-3CBC-423CCF62FC3B}"
EndProject
Global
	GlobalSection(SolutionConfigurationPlatforms) = preSolution
		Debug|Any CPU = Debug|Any CPU
		Release|Any CPU = Release|Any CPU
	EndGlobalSection
	GlobalSection(ProjectConfigurationPlatforms) = postSolution
		{EE3C457C-70AC-FED7-165C-5333FB6580C9}.Debug|Any CPU.ActiveCfg = Debug|Any CPU
		{EE3C457C-70AC-FED7-165C-5333FB6580C9}.Debug|Any CPU.Build.0 = Debug|Any CPU
		{EE3C457C-70AC-FED7-165C-5333FB6580C9}.Release|Any CPU.ActiveCfg = Release|Any CPU
		{EE3C457C-70AC-FED7-165C-5333FB6580C9}.Release|Any CPU.Build.0 = Release|Any CPU
		{270FF64F-1EE4-02F9-3CBC-423CCF62FC3B}.Debug|Any CPU.ActiveCfg = Debug|Any CPU
		{270FF64F-1EE4-02F9-3CBC-423CCF62FC3B}.Debug|Any CPU.Build.0 = Debug|Any CPU
		{270FF64F-1EE4-02F9-3CBC-423CCF62FC3B}.Release|Any CPU.ActiveCfg = Release|Any CPU
		{270FF64F-1EE4-02F9-3CBC-423CCF62FC3B}.Release|Any CPU.Build.0 = Release|Any CPU
	EndGlobalSection
	GlobalSection(SolutionProperties) = preSolution
		HideSolutionNode = FALSE
	EndGlobalSection
	GlobalSection(MonoDevelopProperties) = preSolution
		StartupItem = Assembly-CSharp.csproj
	EndGlobalSection
EndGlobal
